
Microsoft Visual Studio Solution File, Format Version 12.00
# Visual Studio Version 17
VisualStudioVersion = 17.14.36414.22 d17.14
MinimumVisualStudioVersion = 10.0.40219.1
Project("{FAE04EC0-301F-11D3-BF4B-00C04F79EFBC}") = "IT_ELECTIVE_2_PREFINAL_EXAM_Mendoza_Vaughn", "IT_ELECTIVE_2_PREFINAL_EXAM_Mendoza_Vaughn\IT_ELECTIVE_2_PREFINAL_EXAM_Mendoza_Vaughn.csproj", "{F84DD05E-BEF0-4757-A7A2-B729C12FF74D}"
EndProject
Global
	GlobalSection(SolutionConfigurationPlatforms) = preSolution
		Debug|Any CPU = Debug|Any CPU
		Release|Any CPU = Release|Any CPU
	EndGlobalSection
	GlobalSection(ProjectConfigurationPlatforms) = postSolution
		{F84DD05E-BEF0-4757-A7A2-B729C12FF74D}.Debug|Any CPU.ActiveCfg = Debug|Any CPU
		{F84DD05E-BEF0-4757-A7A2-B729C12FF74D}.Debug|Any CPU.Build.0 = Debug|Any CPU
		{F84DD05E-BEF0-4757-A7A2-B729C12FF74D}.Release|Any CPU.ActiveCfg = Release|Any CPU
		{F84DD05E-BEF0-4757-A7A2-B729C12FF74D}.Release|Any CPU.Build.0 = Release|Any CPU
	EndGlobalSection
	GlobalSection(SolutionProperties) = preSolution
		HideSolutionNode = FALSE
	EndGlobalSection
	GlobalSection(ExtensibilityGlobals) = postSolution
		SolutionGuid = {8DAB746F-4C2E-4718-BA60-F77D7FCA5B08}
	EndGlobalSection
EndGlobal
